[[package]]
category = "dev"
description = "apipkg: namespace control and lazy-import mechanism"
name = "apipkg"
optional = false
python-versions = ">=2.7, !=3.0.*, !=3.1.*, !=3.2.*, !=3.3.*"
version = "1.5"

[[package]]
category = "dev"
description = "Python command-line parsing library"
name = "argparse"
optional = false
python-versions = "*"
version = "1.4.0"

[[package]]
category = "dev"
description = "Atomic file writes."
name = "atomicwrites"
optional = false
python-versions = ">=2.7, !=3.0.*, !=3.1.*, !=3.2.*, !=3.3.*"
version = "1.3.0"

[[package]]
category = "dev"
description = "Classes Without Boilerplate"
name = "attrs"
optional = false
python-versions = ">=2.7, !=3.0.*, !=3.1.*, !=3.2.*, !=3.3.*"
version = "19.2.0"

[package.extras]
azure-pipelines = ["coverage", "hypothesis", "pympler", "pytest (>=4.3.0)", "six", "zope.interface", "pytest-azurepipelines"]
dev = ["coverage", "hypothesis", "pympler", "pytest (>=4.3.0)", "six", "zope.interface", "sphinx", "pre-commit"]
docs = ["sphinx", "zope.interface"]
tests = ["coverage", "hypothesis", "pympler", "pytest (>=4.3.0)", "six", "zope.interface"]

[[package]]
category = "dev"
description = "Auth0 Python SDK"
name = "auth0-python"
optional = false
python-versions = ">=2.7, !=3.0.*, !=3.1.*"
version = "3.9.1"

[package.dependencies]
requests = "*"

[package.extras]
test = ["mock"]

[[package]]
category = "main"
description = "A decorator for caching properties in classes."
name = "cached-property"
optional = false
python-versions = "*"
version = "1.5.1"

[[package]]
category = "main"
description = "Python package for providing Mozilla's CA Bundle."
name = "certifi"
optional = false
python-versions = "*"
version = "2019.9.11"

[[package]]
category = "main"
description = "Universal encoding detector for Python 2 and 3"
name = "chardet"
optional = false
python-versions = "*"
version = "3.0.4"

[[package]]
category = "dev"
description = "Cross-platform colored terminal text."
marker = "sys_platform == \"win32\""
name = "colorama"
optional = false
python-versions = ">=2.7, !=3.0.*, !=3.1.*, !=3.2.*, !=3.3.*"
version = "0.4.1"

[[package]]
category = "dev"
description = "Backports and enhancements for the contextlib module"
name = "contextlib2"
optional = false
python-versions = ">=2.7, !=3.0.*, !=3.1.*, !=3.2.*, !=3.3.*"
version = "0.6.0.post1"

[[package]]
category = "dev"
description = "Better living through Python with decorators"
name = "decorator"
optional = false
python-versions = ">=2.6, !=3.0.*, !=3.1.*"
version = "4.4.0"

[[package]]
category = "main"
description = "XML bomb protection for Python stdlib modules"
marker = "python_version >= \"3.0\""
name = "defusedxml"
optional = false
python-versions = ">=2.7, !=3.0.*, !=3.1.*, !=3.2.*, !=3.3.*, !=3.4.*"
version = "0.6.0"

[[package]]
category = "dev"
description = "A high-level Python Web framework that encourages rapid development and clean, pragmatic design."
name = "django"
optional = false
python-versions = ">=3.5"
version = "2.2.6"

[package.dependencies]
pytz = "*"
sqlparse = "*"

[package.extras]
argon2 = ["argon2-cffi (>=16.1.0)"]
bcrypt = ["bcrypt"]

[[package]]
category = "dev"
description = "A configurable set of panels that display various debug information about the current request/response."
name = "django-debug-toolbar"
optional = false
python-versions = ">=3.5"
version = "2.0"

[package.dependencies]
Django = ">=1.11"
sqlparse = ">=0.2.0"

[[package]]
category = "dev"
description = "Django-environ allows you to utilize 12factor inspired environment variables to configure your Django application."
name = "django-environ"
optional = false
python-versions = "*"
version = "0.4.5"

[[package]]
category = "dev"
description = "Extensions for Django"
name = "django-extensions"
optional = false
python-versions = "*"
version = "2.2.3"

[package.dependencies]
six = ">=1.2"

[[package]]
category = "main"
description = "Web APIs for Django, made easy."
name = "djangorestframework"
optional = false
python-versions = ">=3.5"
version = "3.10.3"

[[package]]
category = "main"
description = "JSON Web Token based authentication for Django REST framework"
name = "djangorestframework-jwt"
optional = false
python-versions = "*"
version = "1.11.0"

[package.dependencies]
PyJWT = ">=1.5.2,<2.0.0"

[[package]]
category = "main"
description = "ECDSA cryptographic signature library (pure python)"
name = "ecdsa"
optional = false
python-versions = "*"
version = "0.13.3"

[[package]]
category = "dev"
description = "execnet: rapid multi-Python deployment"
name = "execnet"
optional = false
python-versions = ">=2.7, !=3.0.*, !=3.1.*, !=3.2.*, !=3.3.*"
version = "1.7.1"

[package.dependencies]
apipkg = ">=1.4"

[package.extras]
testing = ["pre-commit"]

[[package]]
category = "dev"
description = "Clean single-source support for Python 3 and 2"
name = "future"
optional = false
python-versions = ">=2.6, !=3.0.*, !=3.1.*, !=3.2.*"
version = "0.18.0"

[[package]]
category = "dev"
description = "HTTP client mock for Python"
name = "httpretty"
optional = false
python-versions = "*"
version = "0.9.7"

[package.dependencies]
six = "*"

[[package]]
category = "main"
description = "Internationalized Domain Names in Applications (IDNA)"
name = "idna"
optional = false
python-versions = ">=2.7, !=3.0.*, !=3.1.*, !=3.2.*, !=3.3.*"
version = "2.8"

[[package]]
category = "dev"
description = "Read metadata from Python packages"
name = "importlib-metadata"
optional = false
python-versions = ">=2.7,!=3.0,!=3.1,!=3.2,!=3.3"
version = "0.23"

[package.dependencies]
zipp = ">=0.5"

[package.extras]
docs = ["sphinx", "rst.linker"]
testing = ["packaging", "importlib-resources"]

[[package]]
category = "dev"
description = "Backports of the linecache module"
name = "linecache2"
optional = false
python-versions = "*"
version = "1.0.0"

[[package]]
category = "dev"
description = "Mimesis: fake data generator."
name = "mimesis"
optional = false
python-versions = "*"
version = "3.3.0"

[[package]]
category = "dev"
description = "Rolling backport of unittest.mock for all Pythons"
name = "mock"
optional = false
python-versions = ">=2.7, !=3.0.*, !=3.1.*, !=3.2.*, !=3.3.*"
version = "3.0.5"

[package.dependencies]
six = "*"

[package.extras]
build = ["twine", "wheel", "blurb"]
docs = ["sphinx"]
test = ["pytest", "pytest-cov"]

[[package]]
category = "dev"
description = "More routines for operating on iterables, beyond itertools"
name = "more-itertools"
optional = false
python-versions = ">=3.4"
version = "7.2.0"

[[package]]
category = "main"
description = "A generic, spec-compliant, thorough implementation of the OAuth request-signing logic"
name = "oauthlib"
optional = false
python-versions = ">=2.7, !=3.0.*, !=3.1.*, !=3.2.*, !=3.3.*"
version = "3.1.0"

[package.extras]
rsa = ["cryptography"]
signals = ["blinker"]
signedtoken = ["cryptography", "pyjwt (>=1.0.0)"]

[[package]]
category = "dev"
description = "Core utilities for Python packages"
name = "packaging"
optional = false
python-versions = ">=2.7, !=3.0.*, !=3.1.*, !=3.2.*, !=3.3.*"
version = "19.2"

[package.dependencies]
pyparsing = ">=2.0.2"
six = "*"

[[package]]
category = "dev"
description = "A module wrapper for os.path"
name = "path.py"
optional = false
python-versions = ">=3.5"
version = "12.0.1"

[package.dependencies]
importlib-metadata = ">=0.5"

[package.extras]
docs = ["sphinx", "jaraco.packaging (>=3.2)", "rst.linker (>=1.9)"]
testing = ["pytest (>=3.5,<3.7.3 || >3.7.3)", "pytest-checkdocs", "pytest-flake8", "appdirs", "packaging", "pygments"]

[[package]]
category = "dev"
description = "plugin and hook calling mechanisms for python"
name = "pluggy"
optional = false
python-versions = ">=2.7, !=3.0.*, !=3.1.*, !=3.2.*, !=3.3.*"
version = "0.13.0"

[package.dependencies]
[package.dependencies.importlib-metadata]
python = "<3.8"
version = ">=0.12"

[package.extras]
dev = ["pre-commit", "tox"]

[[package]]
category = "dev"
description = "Cross-platform lib for process and system monitoring in Python."
name = "psutil"
optional = false
python-versions = ">=2.6, !=3.0.*, !=3.1.*, !=3.2.*, !=3.3.*"
version = "5.6.3"

[package.extras]
enum = ["enum34"]

[[package]]
category = "dev"
description = "library with cross-python path, ini-parsing, io, code, log facilities"
name = "py"
optional = false
python-versions = ">=2.7, !=3.0.*, !=3.1.*, !=3.2.*, !=3.3.*"
version = "1.8.0"

[[package]]
category = "main"
description = "ASN.1 types and codecs"
name = "pyasn1"
optional = false
python-versions = "*"
version = "0.4.7"

[[package]]
category = "main"
description = "JSON Web Token implementation in Python"
name = "pyjwt"
optional = false
python-versions = "*"
version = "1.7.1"

[package.extras]
crypto = ["cryptography (>=1.4)"]
flake8 = ["flake8", "flake8-import-order", "pep8-naming"]
test = ["pytest (>=4.0.1,<5.0.0)", "pytest-cov (>=2.6.0,<3.0.0)", "pytest-runner (>=4.2,<5.0.0)"]

[[package]]
category = "dev"
description = "Python parsing module"
name = "pyparsing"
optional = false
python-versions = ">=2.6, !=3.0.*, !=3.1.*, !=3.2.*"
version = "2.4.2"

[[package]]
category = "dev"
description = "pytest: simple powerful testing with Python"
name = "pytest"
optional = false
python-versions = ">=3.5"
version = "5.2.1"

[package.dependencies]
atomicwrites = ">=1.0"
attrs = ">=17.4.0"
colorama = "*"
more-itertools = ">=4.0.0"
packaging = "*"
pluggy = ">=0.12,<1.0"
py = ">=1.5.0"
wcwidth = "*"

[package.dependencies.importlib-metadata]
python = "<3.8"
version = ">=0.12"

[package.extras]
testing = ["argcomplete", "hypothesis (>=3.56)", "mock", "nose", "requests", "xmlschema"]

[[package]]
category = "dev"
description = "pytest plugin for URL based testing"
name = "pytest-base-url"
optional = false
python-versions = "*"
version = "1.4.1"

[package.dependencies]
pytest = ">=2.7.3"
requests = ">=2.9"

[[package]]
category = "dev"
description = "A Django plugin for pytest."
name = "pytest-django"
optional = false
python-versions = ">=2.7, !=3.0.*, !=3.1.*, !=3.2.*, !=3.3.*"
version = "3.5.1"

[package.dependencies]
pytest = ">=3.6"

[package.extras]
docs = ["sphinx", "sphinx-rtd-theme"]
testing = ["django", "django-configurations (>=2.0)", "six"]

[[package]]
category = "dev"
description = "Fixture configuration utils for py.test"
name = "pytest-fixture-config"
optional = false
python-versions = "*"
version = "1.7.0"

[package.dependencies]
pytest = "*"

[package.extras]
tests = ["six"]

[[package]]
category = "dev"
description = "pytest plugin for generating HTML reports"
name = "pytest-html"
optional = false
python-versions = ">=3.6"
version = "2.0.0"

[package.dependencies]
pytest = ">=5.0"
pytest-metadata = "*"

[[package]]
category = "dev"
description = "pytest plugin for test session metadata"
name = "pytest-metadata"
optional = false
python-versions = "*"
version = "1.8.0"

[package.dependencies]
pytest = ">=2.9.0"

[[package]]
category = "dev"
description = "pytest plugin for Selenium"
name = "pytest-selenium"
optional = false
python-versions = "*"
version = "1.17.0"

[package.dependencies]
pytest = ">=3.6"
pytest-base-url = "*"
pytest-html = ">=1.14.0"
pytest-variables = ">=1.5.0"
requests = "*"
selenium = ">=3.0.0"

[package.extras]
appium = ["appium-python-client (>=0.44)"]

[[package]]
category = "dev"
description = "Extensible server fixures for py.test"
name = "pytest-server-fixtures"
optional = false
python-versions = "*"
version = "1.7.0"

[package.dependencies]
future = "*"
psutil = "*"
pytest = "*"
pytest-fixture-config = "*"
pytest-shutil = "*"
requests = "*"
retry = "*"
six = "*"

[package.extras]
docker = ["docker"]
jenkins = ["python-jenkins"]
kubernetes = ["kubernetes"]
mongodb = ["pymongo (>=3.6.0)"]
postgres = ["psycopg2"]
redis = ["redis"]
rethinkdb = ["rethinkdb (<2.4.0)"]
s3 = ["boto3"]
tests = ["mock", "psutil"]

[[package]]
category = "dev"
description = "A goodie-bag of unix shell and environment tools for py.test"
name = "pytest-shutil"
optional = false
python-versions = "*"
version = "1.7.0"

[package.dependencies]
contextlib2 = "*"
execnet = "*"
mock = "*"
"path.py" = "*"
pytest = "*"
six = "*"
termcolor = "*"

[package.extras]
tests = ["pytest"]

[[package]]
category = "dev"
description = "pytest plugin for providing variables to tests/fixtures"
name = "pytest-variables"
optional = false
python-versions = "*"
version = "1.8.0"

[package.dependencies]
pytest = ">=2.4.2"

[package.extras]
hjson = ["hjson"]
yaml = ["pyyaml"]

[[package]]
category = "main"
description = "JOSE implementation in Python"
name = "python-jose"
optional = false
python-versions = "*"
version = "3.0.1"

[package.dependencies]
ecdsa = "<1.0"
pyasn1 = "*"
rsa = "*"
six = "<2.0"

[package.extras]
cryptography = ["cryptography"]
pycrypto = ["pycrypto (>=2.6.0,<2.7.0)", "pyasn1"]
pycryptodome = ["pycryptodome (>=3.3.1,<4.0.0)", "pyasn1"]

[package.source]
reference = "e31416ae2e3c473e551698dcde80bb1977da90bd"
type = "git"
url = "https://github.com/mpdavis/python-jose.git"
[[package]]
category = "main"
description = "OpenID support for modern servers and consumers."
marker = "python_version >= \"3.0\""
name = "python3-openid"
optional = false
python-versions = "*"
version = "3.1.0"

[package.dependencies]
defusedxml = "*"

[[package]]
category = "dev"
description = "World timezone definitions, modern and historical"
name = "pytz"
optional = false
python-versions = "*"
version = "2019.3"

[[package]]
category = "main"
description = "Python HTTP for Humans."
name = "requests"
optional = false
python-versions = ">=2.7, !=3.0.*, !=3.1.*, !=3.2.*, !=3.3.*, !=3.4.*"
version = "2.22.0"

[package.dependencies]
certifi = ">=2017.4.17"
chardet = ">=3.0.2,<3.1.0"
idna = ">=2.5,<2.9"
urllib3 = ">=1.21.1,<1.25.0 || >1.25.0,<1.25.1 || >1.25.1,<1.26"

[package.extras]
security = ["pyOpenSSL (>=0.14)", "cryptography (>=1.3.4)", "idna (>=2.0.0)"]
socks = ["PySocks (>=1.5.6,<1.5.7 || >1.5.7)", "win-inet-pton"]

[[package]]
category = "main"
description = "OAuthlib authentication support for Requests."
name = "requests-oauthlib"
optional = false
python-versions = ">=2.7, !=3.0.*, !=3.1.*, !=3.2.*, !=3.3.*"
version = "1.2.0"

[package.dependencies]
oauthlib = ">=3.0.0"
requests = ">=2.0.0"

[package.extras]
rsa = ["oauthlib (>=3.0.0)"]

[[package]]
category = "dev"
description = "Easy to use retry decorator."
name = "retry"
optional = false
python-versions = "*"
version = "0.9.2"

[package.dependencies]
decorator = ">=3.4.2"
py = ">=1.4.26,<2.0.0"

[[package]]
category = "dev"
description = "Retry decorator with a bunch of configuration parameters."
name = "retryz"
optional = false
python-versions = "*"
version = "0.1.9"

[[package]]
category = "main"
description = "Pure-Python RSA implementation"
name = "rsa"
optional = false
python-versions = "*"
version = "4.0"

[package.dependencies]
pyasn1 = ">=0.1.3"

[[package]]
category = "dev"
description = "Python bindings for Selenium"
name = "selenium"
optional = false
python-versions = "*"
version = "3.141.0"

[package.dependencies]
urllib3 = "*"

[[package]]
category = "main"
description = "Python 2 and 3 compatibility utilities"
name = "six"
optional = false
python-versions = ">=2.6, !=3.0.*, !=3.1.*"
version = "1.12.0"

[[package]]
category = "main"
description = "Python Social Authentication, Django integration."
name = "social-auth-app-django"
optional = false
python-versions = "*"
version = "3.1.0"

[package.dependencies]
six = "*"
social-auth-core = ">=1.2.0"

[[package]]
category = "main"
description = "Python social authentication made simple."
name = "social-auth-core"
optional = false
python-versions = "*"
version = "3.2.0"

[package.dependencies]
PyJWT = ">=1.4.0"
oauthlib = ">=1.0.3"
requests = ">=2.9.1"
requests-oauthlib = ">=0.6.1"
six = ">=1.10.0"

[package.dependencies.defusedxml]
python = ">=3.0"
version = ">=0.5.0rc1"

[package.dependencies.pyjwt]
optional = true
version = ">=1.7.1"

[package.dependencies.python-jose]
optional = true
version = ">=3.0.0"

[package.dependencies.python3-openid]
python = ">=3.0"
version = ">=3.0.10"

[package.extras]
all = ["cryptography (>=2.1.1)", "pyjwt (>=1.7.1)", "python-jose (>=3.0.0)", "python-saml (>=2.2.0)", "python3-saml (>=1.2.1)"]
allpy2 = ["cryptography (>=2.1.1)", "pyjwt (>=1.7.1)", "python-jose (>=3.0.0)", "python-openid (>=2.2.5)", "python-saml (>=2.2.0)", "python3-saml (>=1.2.1)"]
allpy3 = ["cryptography (>=2.1.1)", "defusedxml (>=0.5.0rc1)", "pyjwt (>=1.7.1)", "python-jose (>=3.0.0)", "python-saml (>=2.2.0)", "python3-openid (>=3.0.10)", "python3-saml (>=1.2.1)"]
azuread = ["cryptography (>=2.1.1)"]
openidconnect = ["pyjwt (>=1.7.1)", "python-jose (>=3.0.0)"]
saml = ["python-saml (>=2.2.0)", "python3-saml (>=1.2.1)"]

[[package]]
category = "dev"
description = "Non-validating SQL parser"
name = "sqlparse"
optional = false
python-versions = ">=2.7, !=3.0.*, !=3.1.*, !=3.2.*, !=3.3.*"
version = "0.3.0"

[[package]]
category = "dev"
description = "ANSII Color formatting for output in terminal."
name = "termcolor"
optional = false
python-versions = "*"
version = "1.1.0"

[[package]]
category = "dev"
description = "Backports of the traceback module"
name = "traceback2"
optional = false
python-versions = "*"
version = "1.4.0"

[package.dependencies]
linecache2 = "*"

[[package]]
category = "dev"
description = "The new features in unittest backported to Python 2.4+."
name = "unittest2"
optional = false
python-versions = "*"
version = "1.1.0"

[package.dependencies]
argparse = "*"
six = ">=1.4"
traceback2 = "*"

[[package]]
category = "main"
description = "HTTP library with thread-safe connection pooling, file post, and more."
name = "urllib3"
optional = false
python-versions = ">=2.7, !=3.0.*, !=3.1.*, !=3.2.*, !=3.3.*, <4"
version = "1.25.6"

[package.extras]
brotli = ["brotlipy (>=0.6.0)"]
secure = ["pyOpenSSL (>=0.14)", "cryptography (>=1.3.4)", "idna (>=2.0.0)", "certifi", "ipaddress"]
socks = ["PySocks (>=1.5.6,<1.5.7 || >1.5.7,<2.0)"]

[[package]]
category = "dev"
description = "Measures number of Terminal column cells of wide-character codes"
name = "wcwidth"
optional = false
python-versions = "*"
version = "0.1.7"

[[package]]
category = "dev"
description = "Backport of pathlib-compatible object wrapper for zip files"
name = "zipp"
optional = false
python-versions = ">=2.7"
version = "0.6.0"

[package.dependencies]
more-itertools = "*"

[package.extras]
docs = ["sphinx", "jaraco.packaging (>=3.2)", "rst.linker (>=1.9)"]
testing = ["pathlib2", "contextlib2", "unittest2"]

[extras]
drf = ["djangorestframework", "djangorestframework-jwt", "pyjwt"]

[metadata]
content-hash = "3ac7b171bacfe9a6b30e4ead33647e6a13dbe41e3e8994ef07daf3f17e1c11dc"
python-versions = "^3.6"

[metadata.hashes]
apipkg = ["37228cda29411948b422fae072f57e31d3396d2ee1c9783775980ee9c9990af6", "58587dd4dc3daefad0487f6d9ae32b4542b185e1c36db6993290e7c41ca2b47c"]
argparse = ["62b089a55be1d8949cd2bc7e0df0bddb9e028faefc8c32038cc84862aefdd6e4", "c31647edb69fd3d465a847ea3157d37bed1f95f19760b11a47aa91c04b666314"]
atomicwrites = ["03472c30eb2c5d1ba9227e4c2ca66ab8287fbfbbda3888aa93dc2e28fc6811b4", "75a9445bac02d8d058d5e1fe689654ba5a6556a1dfd8ce6ec55a0ed79866cfa6"]
attrs = ["ec20e7a4825331c1b5ebf261d111e16fa9612c1f7a5e1f884f12bd53a664dfd2", "f913492e1663d3c36f502e5e9ba6cd13cf19d7fab50aa13239e420fef95e1396"]
auth0-python = ["bdeb7b0c5e74dd91aab67af9e4bf466a30df34d1eb5f7ea638db542108a29a51", "c2fdc3ff230638a2776d2b3761e787ca93dc33a26f841504fc260f947256f453"]
cached-property = ["3a026f1a54135677e7da5ce819b0c690f156f37976f3e30c5430740725203d7f", "9217a59f14a5682da7c4b8829deadbfc194ac22e9908ccf7c8820234e80a1504"]
certifi = ["e4f3620cfea4f83eedc95b24abd9cd56f3c4b146dd0177e83a21b4eb49e21e50", "fd7c7c74727ddcf00e9acd26bba8da604ffec95bf1c2144e67aff7a8b50e6cef"]
chardet = ["84ab92ed1c4d4f16916e05906b6b75a6c0fb5db821cc65e70cbd64a3e2a5eaae", "fc323ffcaeaed0e0a02bf4d117757b98aed530d9ed4531e3e15460124c106691"]
colorama = ["05eed71e2e327246ad6b38c540c4a3117230b19679b875190486ddd2d721422d", "f8ac84de7840f5b9c4e3347b3c1eaa50f7e49c2b07596221daec5edaabbd7c48"]
contextlib2 = ["01f490098c18b19d2bd5bb5dc445b2054d2fa97f09a4280ba2c5f3c394c8162e", "3355078a159fbb44ee60ea80abd0d87b80b78c248643b49aa6d94673b413609b"]
decorator = ["86156361c50488b84a3f148056ea716ca587df2f0de1d34750d35c21312725de", "f069f3a01830ca754ba5258fde2278454a0b5b79e0d7f5c13b3b97e57d4acff6"]
defusedxml = ["6687150770438374ab581bb7a1b327a847dd9c5749e396102de3fad4e8a3ef93", "f684034d135af4c6cbb949b8a4d2ed61634515257a67299e5f940fbaa34377f5"]
django = ["4025317ca01f75fc79250ff7262a06d8ba97cd4f82e93394b2a0a6a4a925caeb", "a8ca1033acac9f33995eb2209a6bf18a4681c3e5269a878e9a7e0b7384ed1ca3"]
django-debug-toolbar = ["17c53cd6bf4e7d69902aedf9a1d26c5d3b7369b54c5718744704f27b5a72f35d", "9a23ada2e43cd989195db3c18710b5d7451134a0d48127ab64c1d2ad81700342"]
django-environ = ["6c9d87660142608f63ec7d5ce5564c49b603ea8ff25da595fd6098f6dc82afde", "c57b3c11ec1f319d9474e3e5a79134f40174b17c7cc024bbb2fad84646b120c4"]
django-extensions = ["526d84b16ee180e45e2305f19d3e01ff3f9f513133839c0b4478b97310ade82a", "a78105d5a5e1c3ef44fbe41bc5a19102bda64dbad05515bf791ac6d5d2499ebf"]
djangorestframework = ["5488aed8f8df5ec1d70f04b2114abc52ae6729748a176c453313834a9ee179c8", "dc81cbf9775c6898a580f6f1f387c4777d12bd87abf0f5406018d32ccae71090"]
djangorestframework-jwt = ["5efe33032f3a4518a300dc51a51c92145ad95fb6f4b272e5aa24701db67936a7", "ab15dfbbe535eede8e2e53adaf52ef0cf018ee27dbfad10cbc4cbec2ab63d38c"]
ecdsa = ["163c80b064a763ea733870feb96f9dd9b92216cfcacd374837af18e4e8ec3d4d", "9814e700890991abeceeb2242586024d4758c8fc18445b194a49bd62d85861db"]
execnet = ["cacb9df31c9680ec5f95553976c4da484d407e85e41c83cb812aa014f0eddc50", "d4efd397930c46415f62f8a31388d6be4f27a91d7550eb79bc64a756e0056547"]
future = ["6142ef79e2416e432931d527452a1cab3aa4a754a0a53d25b2589f79e1106f34"]
httpretty = ["66216f26b9d2c52e81808f3e674a6fb65d4bf719721394a1a9be926177e55fbe"]
idna = ["c357b3f628cf53ae2c4c05627ecc484553142ca23264e593d327bcde5e9c3407", "ea8b7f6188e6fa117537c3df7da9fc686d485087abf6ac197f9c46432f7e4a3c"]
importlib-metadata = ["aa18d7378b00b40847790e7c27e11673d7fed219354109d0e7b9e5b25dc3ad26", "d5f18a79777f3aa179c145737780282e27b508fc8fd688cb17c7a813e8bd39af"]
linecache2 = ["4b26ff4e7110db76eeb6f5a7b64a82623839d595c2038eeda662f2a2db78e97c", "e78be9c0a0dfcbac712fe04fbf92b96cddae80b1b842f24248214c8496f006ef"]
mimesis = ["4b8fc414bd101109615fa8b6ad49f1811199e2745a4e9ef527193a4ab69637fc", "faf4eed0abea190e77257f1c8d9fc8278784bb0de889e365e3af462aa53f0416"]
mock = ["83657d894c90d5681d62155c82bda9c1187827525880eda8ff5df4ec813437c3", "d157e52d4e5b938c550f39eb2fd15610db062441a9c2747d3dbfa9298211d0f8"]
more-itertools = ["409cd48d4db7052af495b09dec721011634af3753ae1ef92d2b32f73a745f832", "92b8c4b06dac4f0611c0729b2f2ede52b2e1bac1ab48f089c7ddc12e26bb60c4"]
oauthlib = ["bee41cc35fcca6e988463cacc3bcb8a96224f470ca547e697b604cc697b2f889", "df884cd6cbe20e32633f1db1072e9356f53638e4361bef4e8b03c9127c9328ea"]
packaging = ["28b924174df7a2fa32c1953825ff29c61e2f5e082343165438812f00d3a7fc47", "d9551545c6d761f3def1677baf08ab2a3ca17c56879e70fecba2fc4dde4ed108"]
"path.py" = ["9f2169633403aa0423f6ec000e8701dd1819526c62465f5043952f92527fea0f", "e107a3a8834a97be2a047f4b641822afc76a2b78352610102782732e6b389aa3"]
pluggy = ["0db4b7601aae1d35b4a033282da476845aa19185c1e6964b25cf324b5e4ec3e6", "fa5fa1622fa6dd5c030e9cad086fa19ef6a0cf6d7a2d12318e10cb49d6d68f34"]
psutil = ["028a1ec3c6197eadd11e7b46e8cc2f0720dc18ac6d7aabdb8e8c0d6c9704f000", "503e4b20fa9d3342bcf58191bbc20a4a5ef79ca7df8972e6197cc14c5513e73d", "863a85c1c0a5103a12c05a35e59d336e1d665747e531256e061213e2e90f63f3", "954f782608bfef9ae9f78e660e065bd8ffcfaea780f9f2c8a133bb7cb9e826d7", "b6e08f965a305cd84c2d07409bc16fbef4417d67b70c53b299116c5b895e3f45", "bc96d437dfbb8865fc8828cf363450001cb04056bbdcdd6fc152c436c8a74c61", "cf49178021075d47c61c03c0229ac0c60d5e2830f8cab19e2d88e579b18cdb76", "d5350cb66690915d60f8b233180f1e49938756fb2d501c93c44f8fb5b970cc63", "eba238cf1989dfff7d483c029acb0ac4fcbfc15de295d682901f0e2497e6781a"]
py = ["64f65755aee5b381cea27766a3a147c3f15b9b6b9ac88676de66ba2ae36793fa", "dc639b046a6e2cff5bbe40194ad65936d6ba360b52b3c3fe1d08a82dd50b5e53"]
pyasn1 = ["1321d4b2f051410fe7302bb1619903d30b24ba1451d019c11d242d11b2a35444", "2860a047f666afd23b197a65f33145313511c368ce919b2d9b1853ffd3e9d32d", "2919babd43b3b44247c23201b71072c0c65a636daa595cad5bcd276094dbfc2d", "437a23121602c0bb6c65320b27e31e334ffd73a9ca5c6c075b66b6270b1a8184", "5a89df3c62688261e27439d5715fd0d3ca6bf7bf1067e2171642e92aff17e817", "62cdade8b5530f0b185e09855dd422bc05c0bbff6b72ff61381c09dac7befd8c", "67a43aec85f4ea96e72a7b22227ba7a45cf03b7297e1a53418be164bbf68335e", "813b198c169e9442f340743f77093435bf3e1de8d1731f3abc45d44afba17556", "96c44b5604e7674e53e27fce98f3fc68821d9546151b98842c27b533122649da", "a9495356ca1d66ed197a0f72b41eb1823cf7ea8b5bd07191673e8147aecf8604", "bcac468e38d16e94fee4c8f76eef1feb9a06a911e93465f2351a4140fa66d303", "c39d11c72f0e5e71faa35c8c8ef5ee9b810ec99a3c64f05133f1325fe5636bba", "f124185ccc1c1c5e782aa58d46bc28be279673a482334d70de6735d05d8b4b10"]
pyjwt = ["5c6eca3c2940464d106b99ba83b00c6add741c9becaec087fb7ccdefea71350e", "8d59a976fb773f3e6a39c85636357c4f0e242707394cadadd9814f5cbaa20e96"]
pyparsing = ["6f98a7b9397e206d78cc01df10131398f1c8b8510a2f4d97d9abd82e1aacdd80", "d9338df12903bbf5d65a0e4e87c2161968b10d2e489652bb47001d82a9b028b4"]
pytest = ["7e4800063ccfc306a53c461442526c5571e1462f61583506ce97e4da6a1d88c8", "ca563435f4941d0cb34767301c27bc65c510cb82e90b9ecf9cb52dc2c63caaa0"]
pytest-base-url = ["31e42366a5fc22f450b398837dc819bb7569f5e6bd5d74e494b2b9ec239876d1", "7425e8163345494ac7f544e99c6f3e5a08f4228bee5e26013b98c462a4d31f6e"]
pytest-django = ["264fb4c506db5d48a6364c311a0b00b7b48a52715bad8839b2d8bee9b99ed6bb", "4adfe5fb3ed47f0ba55506dd3daf688b1f74d5e69148c10ad2dd2f79f40c0d62"]
pytest-fixture-config = ["1413e5e2c6572a3d7709de7ad69dc35004393d777a7883c8431b6f78a2e28fd0", "41a17417721f6862ce6b40e3280fddd8e1659b2c306ec46b237d7021fec5218e", "9bda6a817a3ac91a118dd42274cb3cc42dc0290a11317a7217d17eaae82800c5", "a0e35e239e70fa12614bbe9ca51d3238fbeb89519deb80cd365b487665a666b0"]
pytest-html = ["06c066b34fe1f15b4dc6dedfa56b4d07fe5ce798af0fff61e937cf132ebad9dc", "1428837592c94404e4112fbae76f6e512c35aab4b7d663dc3dd6ea58d2979710"]
pytest-metadata = ["2071a59285de40d7541fde1eb9f1ddea1c9db165882df82781367471238b66ba", "c29a1fb470424926c63154c1b632c02585f2ba4282932058a71d35295ff8c96d"]
pytest-selenium = ["caf049839d12297e01f0521a968e44ae854f4eca1afd80b28f6a2510df02c883", "e8034ebabc3b55fad57bfb97e7b0b2137532dbc65f33706e1ce1ed8e547caa1a"]
pytest-server-fixtures = ["0fa5b1be6a84180e50ff91a58580e81ad3eb45828878a07942fbe384fcd86d1f", "3d93f2ca4bb0a949a55cbdd3598fc44bc3199277dd6b31be39df7f7ebb7a3280", "42a6020e60fd0c362dae0a594777b85e6b4a6d84ff3972ac3261e7de5f2f27fc", "716e8911e0184d0fd41aa04c2980f04f7bf1d603d90d40de4817b8d6f7b5c7d6"]
pytest-shutil = ["03c67282a0c520a790ca8db6f65e18851fae3786f45e3ae34e8d9fccbf266a72", "343a6902a8ed0cbd29cf8954e2726382228a2ad2f5f7eac589b0d0dff878d806", "b3568a675cb092c9b15c789ebd3046b79cfaca476868939748729d14557a98ff", "d8165261de76e7508505c341d94c02b113dc963f274543abca74dbfabd021261"]
pytest-variables = ["7daf950a9e4680fd7affcbd2a05bb89fb4a61684c446b49a2a41c44c0316802c", "a475fe559bf3a1cfce5a603f7b4112415e7a76716c99394c088f788f75cd276a"]
python-jose = []
python3-openid = ["0086da6b6ef3161cfe50fb1ee5cceaf2cda1700019fda03c2c5c440ca6abe4fa", "628d365d687e12da12d02c6691170f4451db28d6d68d050007e4a40065868502"]
pytz = ["1c557d7d0e871de1f5ccd5833f60fb2550652da6be2693c1e02300743d21500d", "b02c06db6cf09c12dd25137e563b31700d3b80fcc4ad23abb7a315f2789819be"]
requests = ["11e007a8a2aa0323f5a921e9e6a2d7e4e67d9877e85773fba9ba6419025cbeb4", "9cf5292fcd0f598c671cfc1e0d7d1a7f13bb8085e9a590f48c010551dc6c4b31"]
requests-oauthlib = ["bd6533330e8748e94bf0b214775fed487d309b8b8fe823dc45641ebcd9a32f57", "d3ed0c8f2e3bbc6b344fa63d6f933745ab394469da38db16bdddb461c7e25140", "dd5a0499abfefd087c6dd96693cbd5bfd28aa009719a7f85ab3fabe3956ef19a"]
retry = ["ccddf89761fa2c726ab29391837d4327f819ea14d244c232a1d24c67a2f98606", "f8bfa8b99b69c4506d6f5bd3b0aabf77f98cdb17f3c9fc3f5ca820033336fba4"]
retryz = ["8f4598c7fe02492789b05ecf59074908775bb0e3ce6486c17edc6b5710e1f19c", "d8a138009ca66032e6bd39e1bc0a5d8f3bc0f272763c8646ad73d1b6faf37915"]
rsa = ["14ba45700ff1ec9eeb206a2ce76b32814958a98e372006c8fb76ba820211be66", "1a836406405730121ae9823e19c6e806c62bbad73f890574fff50efa4122c487"]
selenium = ["2d7131d7bc5a5b99a2d9b04aaf2612c411b03b8ca1b1ee8d3de5845a9be2cb3c", "deaf32b60ad91a4611b98d8002757f29e6f2c2d5fcaf202e1c9ad06d6772300d"]
six = ["3350809f0555b11f552448330d0b52d5f24c91a322ea4a15ef22629740f3761c", "d16a0141ec1a18405cd4ce8b4613101da75da0e9a7aec5bdd4fa804d0e0eba73"]
social-auth-app-django = ["6d0dd18c2d9e71ca545097d57b44d26f59e624a12833078e8e52f91baf849778", "9237e3d7b6f6f59494c3b02e0cce6efc69c9d33ad9d1a064e3b2318bcbe89ae3", "f151396e5b16e2eee12cd2e211004257826ece24fc4ae97a147df386c1cd7082"]
social-auth-core = ["47cd2458c8fefd02466b0c514643e02ad8b61d8b4b69f7573e80882e3a97b0f0", "8320666548a532eb158968eda542bbe1863682357c432d8c4e28034a7f1e3b58", "d81ed681e3c0722300b61a0792c5db5d21206793f95ca810f010c1cc931c8d89"]
sqlparse = ["40afe6b8d4b1117e7dff5504d7a8ce07d9a1b15aeeade8a2d10f130a834f8177", "7c3dca29c022744e95b547e867cee89f4fce4373f3549ccd8797d8eb52cdb873"]
termcolor = ["1d6d69ce66211143803fbc56652b41d73b4a400a2891d7bf7a1cdf4c02de613b"]
traceback2 = ["05acc67a09980c2ecfedd3423f7ae0104839eccb55fc645773e1caa0951c3030", "8253cebec4b19094d67cc5ed5af99bf1dba1285292226e98a31929f87a5d6b23"]
unittest2 = ["13f77d0875db6d9b435e1d4f41e74ad4cc2eb6e1d5c824996092b3430f088bb8", "22882a0e418c284e1f718a822b3b022944d53d2d908e1690b319a9d3eb2c0579"]
urllib3 = ["3de946ffbed6e6746608990594d08faac602528ac7015ac28d33cee6a45b7398", "9a107b99a5393caf59c7aa3c1249c16e6879447533d0887f4336dde834c7be86"]
wcwidth = ["3df37372226d6e63e1b1e1eda15c594bca98a22d33a23832a90998faa96bc65e", "f4ebe71925af7b40a864553f761ed559b43544f8f71746c2d756c7fe788ade7c"]
zipp = ["3718b1cbcd963c7d4c5511a8240812904164b7f381b647143a89d3b98f9bcd8e", "f06903e9f1f43b12d371004b4ac7b06ab39a44adc747266928ae6debfa7b3335"]
